Microsoft Visual Studio Solution File, Format Version 12.00
# Visual Studio Version 17
VisualStudioVersion = 17.5.2.0
MinimumVisualStudioVersion = 10.0.40219.1
Project("{FAE04EC0-301F-11D3-BF4B-00C04F79EFBC}") = "BlazorRAG", "BlazorRAG.csproj", "{8CB9A024-EC7A-F2E2-0848-EE71139095FC}"
EndProject
Global
	GlobalSection(SolutionConfigurationPlatforms) = preSolution
		Debug|Any CPU = Debug|Any CPU
		Release|Any CPU = Release|Any CPU
	EndGlobalSection
	GlobalSection(ProjectConfigurationPlatforms) = postSolution
		{8CB9A024-EC7A-F2E2-0848-EE71139095FC}.Debug|Any CPU.ActiveCfg = Debug|Any CPU
		{8CB9A024-EC7A-F2E2-0848-EE71139095FC}.Debug|Any CPU.Build.0 = Debug|Any CPU
		{8CB9A024-EC7A-F2E2-0848-EE71139095FC}.Release|Any CPU.ActiveCfg = Release|Any CPU
		{8CB9A024-EC7A-F2E2-0848-EE71139095FC}.Release|Any CPU.Build.0 = Release|Any CPU
	EndGlobalSection
	GlobalSection(SolutionProperties) = preSolution
		HideSolutionNode = FALSE
	EndGlobalSection
	GlobalSection(ExtensibilityGlobals) = postSolution
		SolutionGuid = {1596FE0D-FD5D-4B6F-BE01-96BE9AEED73A}
	EndGlobalSection
EndGlobal
